
Microsoft Visual Studio Solution File, Format Version 12.00
# Visual Studio 2013
VisualStudioVersion = 12.0.30723.0
MinimumVisualStudioVersion = 10.0.40219.1
Project("{FAE04EC0-301F-11D3-BF4B-00C04F79EFBC}") = "Seal2D.Core", "VectorEngine.Core\Seal2D.Core.csproj", "{6E5D8C30-6C22-4BCF-80AB-680D20FDA1B3}"
EndProject
Project("{FAE04EC0-301F-11D3-BF4B-00C04F79EFBC}") = "Seal2D.Control", "VectorEngine.Controls\Seal2D.Control.csproj", "{23203865-502B-4645-9958-61DD72EADD13}"
EndProject
Project("{FAE04EC0-301F-11D3-BF4B-00C04F79EFBC}") = "Seal2D.Win", "Seal2D.Win\Seal2D.Win.csproj", "{B393D330-BE42-4829-A963-1050F81BFA10}"
EndProject
Project("{FAE04EC0-301F-11D3-BF4B-00C04F79EFBC}") = "Seal2D.Tests", "Seal2D.Tests\Seal2D.Tests.csproj", "{352DE412-6CFE-4092-AFA1-21DD55CC5368}"
EndProject
Global
	GlobalSection(SolutionConfigurationPlatforms) = preSolution
		Debug|Any CPU = Debug|Any CPU
		Release|Any CPU = Release|Any CPU
	EndGlobalSection
	GlobalSection(ProjectConfigurationPlatforms) = postSolution
		{6E5D8C30-6C22-4BCF-80AB-680D20FDA1B3}.Debug|Any CPU.ActiveCfg = Debug|Any CPU
		{6E5D8C30-6C22-4BCF-80AB-680D20FDA1B3}.Debug|Any CPU.Build.0 = Debug|Any CPU
		{6E5D8C30-6C22-4BCF-80AB-680D20FDA1B3}.Release|Any CPU.ActiveCfg = Release|Any CPU
		{6E5D8C30-6C22-4BCF-80AB-680D20FDA1B3}.Release|Any CPU.Build.0 = Release|Any CPU
		{23203865-502B-4645-9958-61DD72EADD13}.Debug|Any CPU.ActiveCfg = Debug|Any CPU
		{23203865-502B-4645-9958-61DD72EADD13}.Debug|Any CPU.Build.0 = Debug|Any CPU
		{23203865-502B-4645-9958-61DD72EADD13}.Release|Any CPU.ActiveCfg = Release|Any CPU
		{23203865-502B-4645-9958-61DD72EADD13}.Release|Any CPU.Build.0 = Release|Any CPU
		{B393D330-BE42-4829-A963-1050F81BFA10}.Debug|Any CPU.ActiveCfg = Debug|Any CPU
		{B393D330-BE42-4829-A963-1050F81BFA10}.Debug|Any CPU.Build.0 = Debug|Any CPU
		{B393D330-BE42-4829-A963-1050F81BFA10}.Release|Any CPU.ActiveCfg = Release|Any CPU
		{B393D330-BE42-4829-A963-1050F81BFA10}.Release|Any CPU.Build.0 = Release|Any CPU
		{352DE412-6CFE-4092-AFA1-21DD55CC5368}.Debug|Any CPU.ActiveCfg = Debug|Any CPU
		{352DE412-6CFE-4092-AFA1-21DD55CC5368}.Debug|Any CPU.Build.0 = Debug|Any CPU
		{352DE412-6CFE-4092-AFA1-21DD55CC5368}.Release|Any CPU.ActiveCfg = Release|Any CPU
		{352DE412-6CFE-4092-AFA1-21DD55CC5368}.Release|Any CPU.Build.0 = Release|Any CPU
	EndGlobalSection
	GlobalSection(SolutionProperties) = preSolution
		HideSolutionNode = FALSE
	EndGlobalSection
EndGlobal
